
Microsoft Visual Studio Solution File, Format Version 12.00
# Visual Studio Version 17
VisualStudioVersion = 17.7.34221.43
MinimumVisualStudioVersion = 10.0.40219.1
Project("{FAE04EC0-301F-11D3-BF4B-00C04F79EFBC}") = "Laboration_3", "Laboration_3\Laboration_3.csproj", "{9AC49690-CBBB-422C-ACDF-12A86D3A4F27}"
EndProject
Global
	GlobalSection(SolutionConfigurationPlatforms) = preSolution
		Debug|Any CPU = Debug|Any CPU
		Release|Any CPU = Release|Any CPU
	EndGlobalSection
	GlobalSection(ProjectConfigurationPlatforms) = postSolution
		{9AC49690-CBBB-422C-ACDF-12A86D3A4F27}.Debug|Any CPU.ActiveCfg = Debug|Any CPU
		{9AC49690-CBBB-422C-ACDF-12A86D3A4F27}.Debug|Any CPU.Build.0 = Debug|Any CPU
		{9AC49690-CBBB-422C-ACDF-12A86D3A4F27}.Release|Any CPU.ActiveCfg = Release|Any CPU
		{9AC49690-CBBB-422C-ACDF-12A86D3A4F27}.Release|Any CPU.Build.0 = Release|Any CPU
	EndGlobalSection
	GlobalSection(SolutionProperties) = preSolution
		HideSolutionNode = FALSE
	EndGlobalSection
	GlobalSection(ExtensibilityGlobals) = postSolution
		SolutionGuid = {A998FD26-AC29-4698-8C41-F1024EEF5933}
	EndGlobalSection
EndGlobal
